
Microsoft Visual Studio Solution File, Format Version 12.00
# Visual Studio Version 16
VisualStudioVersion = 16.0.30621.155
MinimumVisualStudioVersion = 10.0.40219.1
Project("{FAE04EC0-301F-11D3-BF4B-00C04F79EFBC}") = "SpBot", "SpBot\SpBot.csproj", "{5E5A3910-5FD8-4EFE-875A-FDB4DCAC8567}"
EndProject
Project("{FAE04EC0-301F-11D3-BF4B-00C04F79EFBC}") = "SpBot.Core", "SpBot.Core\SpBot.Core.csproj", "{006D3E75-231D-480C-8FF2-3F31C106B9EA}"
EndProject
Global
	GlobalSection(SolutionConfigurationPlatforms) = preSolution
		Debug|Any CPU = Debug|Any CPU
		Release|Any CPU = Release|Any CPU
	EndGlobalSection
	GlobalSection(ProjectConfigurationPlatforms) = postSolution
		{5E5A3910-5FD8-4EFE-875A-FDB4DCAC8567}.Debug|Any CPU.ActiveCfg = Debug|Any CPU
		{5E5A3910-5FD8-4EFE-875A-FDB4DCAC8567}.Debug|Any CPU.Build.0 = Debug|Any CPU
		{5E5A3910-5FD8-4EFE-875A-FDB4DCAC8567}.Release|Any CPU.ActiveCfg = Release|Any CPU
		{5E5A3910-5FD8-4EFE-875A-FDB4DCAC8567}.Release|Any CPU.Build.0 = Release|Any CPU
		{006D3E75-231D-480C-8FF2-3F31C106B9EA}.Debug|Any CPU.ActiveCfg = Debug|Any CPU
		{006D3E75-231D-480C-8FF2-3F31C106B9EA}.Debug|Any CPU.Build.0 = Debug|Any CPU
		{006D3E75-231D-480C-8FF2-3F31C106B9EA}.Release|Any CPU.ActiveCfg = Release|Any CPU
		{006D3E75-231D-480C-8FF2-3F31C106B9EA}.Release|Any CPU.Build.0 = Release|Any CPU
	EndGlobalSection
	GlobalSection(SolutionProperties) = preSolution
		HideSolutionNode = FALSE
	EndGlobalSection
	GlobalSection(ExtensibilityGlobals) = postSolution
		SolutionGuid = {12B58666-A290-4EA3-A13A-2FE0877E8314}
	EndGlobalSection
EndGlobal
